
Microsoft Visual Studio Solution File, Format Version 12.00
# Visual Studio Version 17
VisualStudioVersion = 17.3.32929.385
MinimumVisualStudioVersion = 10.0.40219.1
Project("{FAE04EC0-301F-11D3-BF4B-00C04F79EFBC}") = "BigSchool", "BigSchool\BigSchool.csproj", "{7A6BDEEE-AFA4-4975-AD78-7D5EDB3901CD}"
EndProject
Global
	GlobalSection(SolutionConfigurationPlatforms) = preSolution
		Debug|Any CPU = Debug|Any CPU
		Release|Any CPU = Release|Any CPU
	EndGlobalSection
	GlobalSection(ProjectConfigurationPlatforms) = postSolution
		{7A6BDEEE-AFA4-4975-AD78-7D5EDB3901CD}.Debug|Any CPU.ActiveCfg = Debug|Any CPU
		{7A6BDEEE-AFA4-4975-AD78-7D5EDB3901CD}.Debug|Any CPU.Build.0 = Debug|Any CPU
		{7A6BDEEE-AFA4-4975-AD78-7D5EDB3901CD}.Release|Any CPU.ActiveCfg = Release|Any CPU
		{7A6BDEEE-AFA4-4975-AD78-7D5EDB3901CD}.Release|Any CPU.Build.0 = Release|Any CPU
	EndGlobalSection
	GlobalSection(SolutionProperties) = preSolution
		HideSolutionNode = FALSE
	EndGlobalSection
	GlobalSection(ExtensibilityGlobals) = postSolution
		SolutionGuid = {1535D9A4-8BB7-43EA-9B7E-B90800FC085A}
	EndGlobalSection
EndGlobal
